# tokens.lock - fixed token values. COMMIT TO VCS.
END=0
NAME=256
MANGLED=257
LOCAL=258
NATIVE=259
MODULE=260
NUMBER=261
INTEGER=262
COMPLEX=263
RATIONAL=264
MACRO=265
STRWIDE=266
STRCHAR=267
EMBED=268
EVAL=269
ARGUMENT=270
ARGS=271
MACRO_ARGNAME=272
MACRO_ARGPOS=273
MACRO_ARGUMENT=274
MACRO_ARGCOUNT=275
MACRO_CONCAT=276
MACRO_TOSTR=277
MACRO_DEL=278
MACRO_SEQ=279
MACRO_STR=280
MACRO_EXPR_BEGIN=281
MACRO_EXPR_END=282
NAMESPACE=283
MACRO_NAMESPACE=284
DOC_BEFORE=285
DOC_AFTER=286
ELLIPSIS=287
RANGE=288
REPEAT=289
FOLLOW=290
MATCHING=291
CREATE_NEW=292
CREATE_USE=293
APPEND=294
PURE_NEW=295
PURE_USE=296
SWAP=297
OPERATOR_DIV=298
OP_MATH=299
OP_COMPARE=300
OP_LOGICAL=301
OPERATOR_AND=302
OPERATOR_PTR=303
OPERATOR_DUCK=304
OPERATOR_ANGLE_EQ=305
OP_BITWISE=306
INT_PLUS=307
INT_MINUS=308
INT_REPEAT=309
TRY_ALL_BEGIN=310
TRY_ALL_END=311
TRY_PLUS_BEGIN=312
TRY_PLUS_END=313
TRY_MINUS_BEGIN=314
TRY_MINUS_END=315
AWAIT=316
YIELD=317
YIELD_BEGIN=318
YIELD_END=319
WHEN_ALL=320
WHEN_ANY=321
ITERATOR=322
ITERATOR_QQ=323
TAKE_CONST=324
WITH=325
ESCAPE=326
ATTRIBUTE=327
PARENT=328
NEWLANG=329
Program=999
STRWIDE_RAW=330
STRCHAR_RAW=331
IntLiteral=332
StringLiteral=333
BinaryOp=334
VarRef=335
CallExpr=336
IfStmt=337
WhileStmt=338
ReturnStmt=339
AssignmentStmt=340
FuncDecl=341
VarDecl=342
ParamDecl=343
EnumLiteral=344
MemberAccess=345
ArrayAccess=346
ArrayInit=347
CastExpr=348
RefMakeExpr=349
RefTakeExpr=350
ExprStmt=351
BlockStmt=352
ThenBlock=353
ElseBlock=354
DoWhileStmt=355
WhileElseBlock=356
BreakStmt=357
ContinueStmt=358
TryCatchStmt=359
CatchBlock=360
ThrowStmt=361
MatchingStmt=362
MatchingCase=363
MatchingElseBlock=364
EnumDecl=365
EnumMember=366
StructDecl=367
StructField=368
