# tokens.lock - fixed token values. COMMIT TO VCS.
END=0
STRWIDE=256
STRCHAR=257
STRWIDE_RAW=258
STRCHAR_RAW=259
EMBED=260
EVAL=261
MACRO_ARGNAME=262
MACRO_ARGPOS=263
MACRO_ARGUMENT=264
MACRO_ARGCOUNT=265
MACRO_CONCAT=266
MACRO_TOSTR=267
MACRO_DEL=268
MACRO_SEQ=269
MACRO_STR=270
MACRO_EXPR_BEGIN=271
MACRO_EXPR_END=272
TEMPLATE_BEGIN=273
TEMPLATE_END=274
MACRO_NAMESPACE=275
MACRO_PATTERN=276
DOC_BEFORE=277
DOC_AFTER=278
OPERATOR_DIV=279
OP_MATH=280
OP_COMPARE=281
OP_LOGICAL=282
OPERATOR_AND=283
OPERATOR_PTR=284
OPERATOR_DUCK=285
OPERATOR_ANGLE_EQ=286
OP_BITWISE=287
INT_PLUS=288
INT_MINUS=289
INT_REPEAT=290
block=291
sequence=292
TRY_ALL_BEGIN=293
TRY_ALL_END=294
TRY_PLUS_BEGIN=295
TRY_PLUS_END=296
TRY_MINUS_BEGIN=297
TRY_MINUS_END=298
AWAIT=299
YIELD=300
YIELD_BEGIN=301
YIELD_END=302
WHEN_ALL=303
WHEN_ANY=304
ITERATOR=305
ITERATOR_QQ=306
TAKE_CONST=307
WITH=308
ESCAPE=309
LPAREN=310
RPAREN=311
LBRACE=312
RBRACE=313
LBRACKET=314
RBRACKET=315
LANGLE=316
RANGLE=317
SEMICOLON=318
COMMA=319
COLON=320
DOT=321
ASSIGN=322
PLUS=323
MINUS=324
STAR=325
SLASH=326
PERCENT=327
AMPERSAND=328
PIPE=329
CARET=330
TILDE=331
BANG=332
QUESTION=333
AT=334
DOLLAR=335
HASH=336
NAME=337
MANGLED=338
LOCAL=339
NATIVE=340
MODULE=341
NUMBER=342
INTEGER=343
COMPLEX=344
RATIONAL=345
MACRO=346
ARGUMENT=347
ARGS=348
NAMESPACE=349
ELLIPSIS=350
RANGE=351
REPEAT=352
FOLLOW=353
MATCHING=354
CREATE_NEW=355
CREATE_USE=356
APPEND=357
SWAP=358
ATTR=359
ATTR_COMPLETE=360
PARENT=362
NEWLANG=363
OPERATOR=364
Program=999
Ident=365
IntLiteral=366
StringLiteral=367
BinaryOp=368
VarRef=369
CallExpr=370
EmbedExpr=371
IfStmt=372
WhileStmt=373
ReturnStmt=374
AssignmentStmt=375
FuncDecl=376
VarDecl=377
ParamDecl=378
EnumLiteral=379
MemberAccess=380
ArrayAccess=381
ArrayInit=382
CastExpr=383
RefMakeExpr=384
RefTakeExpr=385
ExprStmt=386
BlockStmt=387
ThenBlock=388
ElseBlock=389
DoWhileStmt=390
WhileElseBlock=391
BreakStmt=392
ContinueStmt=393
TryCatchStmt=394
CatchBlock=395
ThrowStmt=396
MatchingStmt=397
MatchingCase=398
MatchingElseBlock=399
EnumDecl=400
EnumMember=401
StructDecl=402
StructField=403
