# tokens.lock - fixed token values. COMMIT TO VCS.
END=0
EMBED=260
EVAL=261
MACRO_ARGNAME=262
MACRO_ARGPOS=263
MACRO_ARGUMENT=264
MACRO_ARGCOUNT=265
MACRO_CONCAT=266
MACRO_TOSTR=267
MACRO_DEL=268
MACRO_SEQ=269
MACRO_STR=270
MACRO_EXPR_BEGIN=271
MACRO_EXPR_END=272
MACRO_NAMESPACE=273
DOC_BEFORE=274
DOC_AFTER=275
OPERATOR_DIV=276
OP_MATH=277
OP_COMPARE=278
OP_LOGICAL=279
OPERATOR_AND=280
OPERATOR_PTR=281
OPERATOR_DUCK=282
OPERATOR_ANGLE_EQ=283
OP_BITWISE=284
INT_PLUS=285
INT_MINUS=286
INT_REPEAT=287
TRY_ALL_BEGIN=288
TRY_ALL_END=289
TRY_PLUS_BEGIN=290
TRY_PLUS_END=291
TRY_MINUS_BEGIN=292
TRY_MINUS_END=293
AWAIT=294
YIELD=295
YIELD_BEGIN=296
YIELD_END=297
WHEN_ALL=298
WHEN_ANY=299
ITERATOR=300
ITERATOR_QQ=301
TAKE_CONST=302
WITH=303
ESCAPE=304
NAME=305
MANGLED=306
LOCAL=307
NATIVE=308
MODULE=309
NUMBER=310
INTEGER=311
COMPLEX=312
RATIONAL=313
MACRO=314
ARGUMENT=315
ARGS=316
NAMESPACE=317
ELLIPSIS=318
RANGE=319
REPEAT=320
FOLLOW=321
MATCHING=322
CREATE_NEW=323
CREATE_USE=324
APPEND=325
PURE_NEW=326
PURE_USE=327
SWAP=328
ATTRIBUTE=329
PARENT=330
NEWLANG=331
Program=999
IntLiteral=332
StringLiteral=333
BinaryOp=334
VarRef=335
CallExpr=336
IfStmt=337
WhileStmt=338
ReturnStmt=339
AssignmentStmt=340
FuncDecl=341
VarDecl=342
ParamDecl=343
EnumLiteral=344
MemberAccess=345
ArrayAccess=346
ArrayInit=347
CastExpr=348
RefMakeExpr=349
RefTakeExpr=350
ExprStmt=351
BlockStmt=352
ThenBlock=353
ElseBlock=354
DoWhileStmt=355
WhileElseBlock=356
BreakStmt=357
ContinueStmt=358
TryCatchStmt=359
CatchBlock=360
ThrowStmt=361
MatchingStmt=362
MatchingCase=363
MatchingElseBlock=364
EnumDecl=365
EnumMember=366
StructDecl=367
StructField=368
STRWIDE=256
STRCHAR=257
STRWIDE_RAW=258
STRCHAR_RAW=259
LPAREN=369
RPAREN=370
LBRACE=371
RBRACE=372
LBRACKET=373
RBRACKET=374
LANGLE=375
RANGLE=376
SEMICOLON=377
COMMA=378
COLON=379
DOT=380
ASSIGN=381
PLUS=382
MINUS=383
STAR=384
SLASH=385
PERCENT=386
AMPERSAND=387
PIPE=388
CARET=389
TILDE=390
BANG=391
QUESTION=392
AT=393
DOLLAR=394
HASH=395
Ident=396
embed_literal=397
EmbedExpr=398
